{
  "originHash" : "4970f98a027d7505427c9541b2c1cf7bb6f7f168f5b5a5c581fc6ebb195db70b",
  "pins" : [
    {
      "identity" : "jjfloatingactionbutton",
      "kind" : "remoteSourceControl",
      "location" : "https://github.com/jjochen/JJFloatingActionButton",
      "state" : {
        "revision" : "2c561601ec0da6f85c2c061a2560d82d39832951",
        "version" : "3.0.1"
      }
    },
    {
      "identity" : "kingfisher",
      "kind" : "remoteSourceControl",
      "location" : "https://github.com/onevcat/Kingfisher",
      "state" : {
        "revision" : "5b92f029fab2cce44386d28588098b5be0824ef5",
        "version" : "7.11.0"
      }
    },
    {
      "identity" : "snapkit",
      "kind" : "remoteSourceControl",
      "location" : "https://github.com/SnapKit/SnapKit",
      "state" : {
        "revision" : "2842e6e84e82eb9a8dac0100ca90d9444b0307f4",
        "version" : "5.7.1"
      }
    }
  ],
  "version" : 3
}
