// !$*UTF8*$!
{
	archiveVersion = 1;
	classes = {
	};
	objectVersion = 56;
	objects = {

/* Begin PBXBuildFile section */
		9C0751172BEB3B9B00936E9B /* MyBook.xcdatamodeld in Sources */ = {isa = PBXBuildFile; fileRef = 9C0751152BEB3B9B00936E9B /* MyBook.xcdatamodeld */; };
		9C07511D2BEBE3B400936E9B /* SnapKit in Frameworks */ = {isa = PBXBuildFile; productRef = 9C07511C2BEBE3B400936E9B /* SnapKit */; };
		9C07511F2BEBE3B400936E9B /* SnapKit-Dynamic in Frameworks */ = {isa = PBXBuildFile; productRef = 9C07511E2BEBE3B400936E9B /* SnapKit-Dynamic */; };
		9C0751212BEBE6EE00936E9B /* MyBookListCollectionViewCell.swift in Sources */ = {isa = PBXBuildFile; fileRef = 9C0751202BEBE6EE00936E9B /* MyBookListCollectionViewCell.swift */; };
		9C25BD422BEDA6B5002248ED /* .gitignore in Resources */ = {isa = PBXBuildFile; fileRef = 9C25BD412BEDA6B5002248ED /* .gitignore */; };
		9C25BD442BEDA6EB002248ED /* README.md in Resources */ = {isa = PBXBuildFile; fileRef = 9C25BD432BEDA6EB002248ED /* README.md */; };
		9C3213DC2BE75E8000D6C8C0 /* NetworkManager.swift in Sources */ = {isa = PBXBuildFile; fileRef = 9C3213DB2BE75E8000D6C8C0 /* NetworkManager.swift */; };
		9C3213DE2BE76DBC00D6C8C0 /* Book.swift in Sources */ = {isa = PBXBuildFile; fileRef = 9C3213DD2BE76DBC00D6C8C0 /* Book.swift */; };
		9C3213E12BE7BB6400D6C8C0 /* Kingfisher in Frameworks */ = {isa = PBXBuildFile; productRef = 9C3213E02BE7BB6400D6C8C0 /* Kingfisher */; };
		9C3213E42BE7C09D00D6C8C0 /* BookDetailViewController.swift in Sources */ = {isa = PBXBuildFile; fileRef = 9C3213E32BE7C09D00D6C8C0 /* BookDetailViewController.swift */; };
		9C9FA4592BEC58B000FB8386 /* WishList.swift in Sources */ = {isa = PBXBuildFile; fileRef = 9C9FA4582BEC58B000FB8386 /* WishList.swift */; };
		9C9FA45B2BEC8CAD00FB8386 /* ViewLog.swift in Sources */ = {isa = PBXBuildFile; fileRef = 9C9FA45A2BEC8CAD00FB8386 /* ViewLog.swift */; };
		9CA474672BE6AA0E0049ECD8 /* RecentlyViewedBooksCollectionViewCell.swift in Sources */ = {isa = PBXBuildFile; fileRef = 9CA474662BE6AA0E0049ECD8 /* RecentlyViewedBooksCollectionViewCell.swift */; };
		9CC7DA162BE6C85E00BA1147 /* SearchResultTableViewCell.swift in Sources */ = {isa = PBXBuildFile; fileRef = 9CC7DA152BE6C85E00BA1147 /* SearchResultTableViewCell.swift */; };
		9CD04EE22BE4C9E6004983B8 /* AppDelegate.swift in Sources */ = {isa = PBXBuildFile; fileRef = 9CD04EE12BE4C9E6004983B8 /* AppDelegate.swift */; };
		9CD04EE42BE4C9E6004983B8 /* SceneDelegate.swift in Sources */ = {isa = PBXBuildFile; fileRef = 9CD04EE32BE4C9E6004983B8 /* SceneDelegate.swift */; };
		9CD04EE62BE4C9E6004983B8 /* SearchBookViewController.swift in Sources */ = {isa = PBXBuildFile; fileRef = 9CD04EE52BE4C9E6004983B8 /* SearchBookViewController.swift */; };
		9CD04EEB2BE4C9E7004983B8 /* Assets.xcassets in Resources */ = {isa = PBXBuildFile; fileRef = 9CD04EEA2BE4C9E7004983B8 /* Assets.xcassets */; };
		9CD04EEE2BE4C9E7004983B8 /* Base in Resources */ = {isa = PBXBuildFile; fileRef = 9CD04EED2BE4C9E7004983B8 /* Base */; };
		9CD04EF62BE4CB23004983B8 /* MyBookListViewController.swift in Sources */ = {isa = PBXBuildFile; fileRef = 9CD04EF52BE4CB23004983B8 /* MyBookListViewController.swift */; };
/* End PBXBuildFile section */

/* Begin PBXFileReference section */
		9C0751162BEB3B9B00936E9B /* MyBook.xcdatamodel */ = {isa = PBXFileReference; lastKnownFileType = wrapper.xcdatamodel; path = MyBook.xcdatamodel; sourceTree = "<group>"; };
		9C0751202BEBE6EE00936E9B /* MyBookListCollectionViewCell.swift */ = {isa = PBXFileReference; lastKnownFileType = sourcecode.swift; path = MyBookListCollectionViewCell.swift; sourceTree = "<group>"; };
		9C25BD412BEDA6B5002248ED /* .gitignore */ = {isa = PBXFileReference; lastKnownFileType = text; path = .gitignore; sourceTree = "<group>"; };
		9C25BD432BEDA6EB002248ED /* README.md */ = {isa = PBXFileReference; lastKnownFileType = net.daringfireball.markdown; path = README.md; sourceTree = "<group>"; };
		9C3213DB2BE75E8000D6C8C0 /* NetworkManager.swift */ = {isa = PBXFileReference; lastKnownFileType = sourcecode.swift; path = NetworkManager.swift; sourceTree = "<group>"; };
		9C3213DD2BE76DBC00D6C8C0 /* Book.swift */ = {isa = PBXFileReference; lastKnownFileType = sourcecode.swift; path = Book.swift; sourceTree = "<group>"; };
		9C3213E32BE7C09D00D6C8C0 /* BookDetailViewController.swift */ = {isa = PBXFileReference; lastKnownFileType = sourcecode.swift; path = BookDetailViewController.swift; sourceTree = "<group>"; };
		9C9FA4582BEC58B000FB8386 /* WishList.swift */ = {isa = PBXFileReference; lastKnownFileType = sourcecode.swift; path = WishList.swift; sourceTree = "<group>"; };
		9C9FA45A2BEC8CAD00FB8386 /* ViewLog.swift */ = {isa = PBXFileReference; lastKnownFileType = sourcecode.swift; path = ViewLog.swift; sourceTree = "<group>"; };
		9CA474662BE6AA0E0049ECD8 /* RecentlyViewedBooksCollectionViewCell.swift */ = {isa = PBXFileReference; lastKnownFileType = sourcecode.swift; path = RecentlyViewedBooksCollectionViewCell.swift; sourceTree = "<group>"; };
		9CC7DA152BE6C85E00BA1147 /* SearchResultTableViewCell.swift */ = {isa = PBXFileReference; lastKnownFileType = sourcecode.swift; path = SearchResultTableViewCell.swift; sourceTree = "<group>"; };
		9CD04EDE2BE4C9E6004983B8 /* MyBook.app */ = {isa = PBXFileReference; explicitFileType = wrapper.application; includeInIndex = 0; path = MyBook.app; sourceTree = BUILT_PRODUCTS_DIR; };
		9CD04EE12BE4C9E6004983B8 /* AppDelegate.swift */ = {isa = PBXFileReference; lastKnownFileType = sourcecode.swift; path = AppDelegate.swift; sourceTree = "<group>"; };
		9CD04EE32BE4C9E6004983B8 /* SceneDelegate.swift */ = {isa = PBXFileReference; lastKnownFileType = sourcecode.swift; path = SceneDelegate.swift; sourceTree = "<group>"; };
		9CD04EE52BE4C9E6004983B8 /* SearchBookViewController.swift */ = {isa = PBXFileReference; lastKnownFileType = sourcecode.swift; path = SearchBookViewController.swift; sourceTree = "<group>"; };
		9CD04EEA2BE4C9E7004983B8 /* Assets.xcassets */ = {isa = PBXFileReference; lastKnownFileType = folder.assetcatalog; path = Assets.xcassets; sourceTree = "<group>"; };
		9CD04EED2BE4C9E7004983B8 /* Base */ = {isa = PBXFileReference; lastKnownFileType = file.storyboard; name = Base; path = Base.lproj/LaunchScreen.storyboard; sourceTree = "<group>"; };
		9CD04EEF2BE4C9E7004983B8 /* Info.plist */ = {isa = PBXFileReference; lastKnownFileType = text.plist.xml; path = Info.plist; sourceTree = "<group>"; };
		9CD04EF52BE4CB23004983B8 /* MyBookListViewController.swift */ = {isa = PBXFileReference; lastKnownFileType = sourcecode.swift; path = MyBookListViewController.swift; sourceTree = "<group>"; };
/* End PBXFileReference section */

/* Begin PBXFrameworksBuildPhase section */
		9CD04EDB2BE4C9E6004983B8 /* Frameworks */ = {
			isa = PBXFrameworksBuildPhase;
			buildActionMask = 2147483647;
			files = (
				9C3213E12BE7BB6400D6C8C0 /* Kingfisher in Frameworks */,
				9C07511D2BEBE3B400936E9B /* SnapKit in Frameworks */,
				9C07511F2BEBE3B400936E9B /* SnapKit-Dynamic in Frameworks */,
			);
			runOnlyForDeploymentPostprocessing = 0;
		};
/* End PBXFrameworksBuildPhase section */

/* Begin PBXGroup section */
		9C0751182BEB41BB00936E9B /* Cells */ = {
			isa = PBXGroup;
			children = (
				9CA474662BE6AA0E0049ECD8 /* RecentlyViewedBooksCollectionViewCell.swift */,
				9CC7DA152BE6C85E00BA1147 /* SearchResultTableViewCell.swift */,
				9C0751202BEBE6EE00936E9B /* MyBookListCollectionViewCell.swift */,
			);
			path = Cells;
			sourceTree = "<group>";
		};
		9C25BD402BEDA532002248ED /* Controllers */ = {
			isa = PBXGroup;
			children = (
				9CD04EE52BE4C9E6004983B8 /* SearchBookViewController.swift */,
				9C3213E32BE7C09D00D6C8C0 /* BookDetailViewController.swift */,
				9CD04EF52BE4CB23004983B8 /* MyBookListViewController.swift */,
			);
			path = Controllers;
			sourceTree = "<group>";
		};
		9C3213E22BE7C02500D6C8C0 /* Models */ = {
			isa = PBXGroup;
			children = (
				9C3213DB2BE75E8000D6C8C0 /* NetworkManager.swift */,
				9C3213DD2BE76DBC00D6C8C0 /* Book.swift */,
				9C9FA4582BEC58B000FB8386 /* WishList.swift */,
				9C9FA45A2BEC8CAD00FB8386 /* ViewLog.swift */,
			);
			path = Models;
			sourceTree = "<group>";
		};
		9CD04ED52BE4C9E6004983B8 = {
			isa = PBXGroup;
			children = (
				9C25BD432BEDA6EB002248ED /* README.md */,
				9C25BD412BEDA6B5002248ED /* .gitignore */,
				9CD04EE02BE4C9E6004983B8 /* MyBook */,
				9CD04EDF2BE4C9E6004983B8 /* Products */,
			);
			sourceTree = "<group>";
		};
		9CD04EDF2BE4C9E6004983B8 /* Products */ = {
			isa = PBXGroup;
			children = (
				9CD04EDE2BE4C9E6004983B8 /* MyBook.app */,
			);
			name = Products;
			sourceTree = "<group>";
		};
		9CD04EE02BE4C9E6004983B8 /* MyBook */ = {
			isa = PBXGroup;
			children = (
				9CD04EE12BE4C9E6004983B8 /* AppDelegate.swift */,
				9CD04EE32BE4C9E6004983B8 /* SceneDelegate.swift */,
				9C3213E22BE7C02500D6C8C0 /* Models */,
				9C0751182BEB41BB00936E9B /* Cells */,
				9C25BD402BEDA532002248ED /* Controllers */,
				9CD04EEA2BE4C9E7004983B8 /* Assets.xcassets */,
				9CD04EEC2BE4C9E7004983B8 /* LaunchScreen.storyboard */,
				9CD04EEF2BE4C9E7004983B8 /* Info.plist */,
				9C0751152BEB3B9B00936E9B /* MyBook.xcdatamodeld */,
			);
			path = MyBook;
			sourceTree = "<group>";
		};
/* End PBXGroup section */

/* Begin PBXNativeTarget section */
		9CD04EDD2BE4C9E6004983B8 /* MyBook */ = {
			isa = PBXNativeTarget;
			buildConfigurationList = 9CD04EF22BE4C9E7004983B8 /* Build configuration list for PBXNativeTarget "MyBook" */;
			buildPhases = (
				9CD04EDA2BE4C9E6004983B8 /* Sources */,
				9CD04EDB2BE4C9E6004983B8 /* Frameworks */,
				9CD04EDC2BE4C9E6004983B8 /* Resources */,
			);
			buildRules = (
			);
			dependencies = (
			);
			name = MyBook;
			packageProductDependencies = (
				9C3213E02BE7BB6400D6C8C0 /* Kingfisher */,
				9C07511C2BEBE3B400936E9B /* SnapKit */,
				9C07511E2BEBE3B400936E9B /* SnapKit-Dynamic */,
			);
			productName = MyBook;
			productReference = 9CD04EDE2BE4C9E6004983B8 /* MyBook.app */;
			productType = "com.apple.product-type.application";
		};
/* End PBXNativeTarget section */

/* Begin PBXProject section */
		9CD04ED62BE4C9E6004983B8 /* Project object */ = {
			isa = PBXProject;
			attributes = {
				BuildIndependentTargetsInParallel = 1;
				LastSwiftUpdateCheck = 1530;
				LastUpgradeCheck = 1530;
				TargetAttributes = {
					9CD04EDD2BE4C9E6004983B8 = {
						CreatedOnToolsVersion = 15.3;
					};
				};
			};
			buildConfigurationList = 9CD04ED92BE4C9E6004983B8 /* Build configuration list for PBXProject "MyBook" */;
			compatibilityVersion = "Xcode 14.0";
			developmentRegion = en;
			hasScannedForEncodings = 0;
			knownRegions = (
				en,
				Base,
			);
			mainGroup = 9CD04ED52BE4C9E6004983B8;
			packageReferences = (
				9C3213DF2BE7BB6400D6C8C0 /* XCRemoteSwiftPackageReference "Kingfisher" */,
				9C39B6D62BE94C53006D16B8 /* XCRemoteSwiftPackageReference "JJFloatingActionButton" */,
				9C07511B2BEBE3B400936E9B /* XCRemoteSwiftPackageReference "SnapKit" */,
			);
			productRefGroup = 9CD04EDF2BE4C9E6004983B8 /* Products */;
			projectDirPath = "";
			projectRoot = "";
			targets = (
				9CD04EDD2BE4C9E6004983B8 /* MyBook */,
			);
		};
/* End PBXProject section */

/* Begin PBXResourcesBuildPhase section */
		9CD04EDC2BE4C9E6004983B8 /* Resources */ = {
			isa = PBXResourcesBuildPhase;
			buildActionMask = 2147483647;
			files = (
				9CD04EEB2BE4C9E7004983B8 /* Assets.xcassets in Resources */,
				9C25BD422BEDA6B5002248ED /* .gitignore in Resources */,
				9C25BD442BEDA6EB002248ED /* README.md in Resources */,
				9CD04EEE2BE4C9E7004983B8 /* Base in Resources */,
			);
			runOnlyForDeploymentPostprocessing = 0;
		};
/* End PBXResourcesBuildPhase section */

/* Begin PBXSourcesBuildPhase section */
		9CD04EDA2BE4C9E6004983B8 /* Sources */ = {
			isa = PBXSourcesBuildPhase;
			buildActionMask = 2147483647;
			files = (
				9C3213DE2BE76DBC00D6C8C0 /* Book.swift in Sources */,
				9C9FA45B2BEC8CAD00FB8386 /* ViewLog.swift in Sources */,
				9C0751212BEBE6EE00936E9B /* MyBookListCollectionViewCell.swift in Sources */,
				9CD04EE62BE4C9E6004983B8 /* SearchBookViewController.swift in Sources */,
				9CD04EF62BE4CB23004983B8 /* MyBookListViewController.swift in Sources */,
				9CC7DA162BE6C85E00BA1147 /* SearchResultTableViewCell.swift in Sources */,
				9C3213DC2BE75E8000D6C8C0 /* NetworkManager.swift in Sources */,
				9C9FA4592BEC58B000FB8386 /* WishList.swift in Sources */,
				9C3213E42BE7C09D00D6C8C0 /* BookDetailViewController.swift in Sources */,
				9C0751172BEB3B9B00936E9B /* MyBook.xcdatamodeld in Sources */,
				9CA474672BE6AA0E0049ECD8 /* RecentlyViewedBooksCollectionViewCell.swift in Sources */,
				9CD04EE22BE4C9E6004983B8 /* AppDelegate.swift in Sources */,
				9CD04EE42BE4C9E6004983B8 /* SceneDelegate.swift in Sources */,
			);
			runOnlyForDeploymentPostprocessing = 0;
		};
/* End PBXSourcesBuildPhase section */

/* Begin PBXVariantGroup section */
		9CD04EEC2BE4C9E7004983B8 /* LaunchScreen.storyboard */ = {
			isa = PBXVariantGroup;
			children = (
				9CD04EED2BE4C9E7004983B8 /* Base */,
			);
			name = LaunchScreen.storyboard;
			sourceTree = "<group>";
		};
/* End PBXVariantGroup section */

/* Begin XCBuildConfiguration section */
		9CD04EF02BE4C9E7004983B8 /* Debug */ = {
			isa = XCBuildConfiguration;
			buildSettings = {
				ALWAYS_SEARCH_USER_PATHS = NO;
				ASSETCATALOG_COMPILER_GENERATE_SWIFT_ASSET_SYMBOL_EXTENSIONS = YES;
				CLANG_ANALYZER_NONNULL = YES;
				CLANG_ANALYZER_NUMBER_OBJECT_CONVERSION = YES_AGGRESSIVE;
				CLANG_CXX_LANGUAGE_STANDARD = "gnu++20";
				CLANG_ENABLE_MODULES = YES;
				CLANG_ENABLE_OBJC_ARC = YES;
				CLANG_ENABLE_OBJC_WEAK = YES;
				CLANG_WARN_BLOCK_CAPTURE_AUTORELEASING = YES;
				CLANG_WARN_BOOL_CONVERSION = YES;
				CLANG_WARN_COMMA = YES;
				CLANG_WARN_CONSTANT_CONVERSION = YES;
				CLANG_WARN_DEPRECATED_OBJC_IMPLEMENTATIONS = YES;
				CLANG_WARN_DIRECT_OBJC_ISA_USAGE = YES_ERROR;
				CLANG_WARN_DOCUMENTATION_COMMENTS = YES;
				CLANG_WARN_EMPTY_BODY = YES;
				CLANG_WARN_ENUM_CONVERSION = YES;
				CLANG_WARN_INFINITE_RECURSION = YES;
				CLANG_WARN_INT_CONVERSION = YES;
				CLANG_WARN_NON_LITERAL_NULL_CONVERSION = YES;
				CLANG_WARN_OBJC_IMPLICIT_RETAIN_SELF = YES;
				CLANG_WARN_OBJC_LITERAL_CONVERSION = YES;
				CLANG_WARN_OBJC_ROOT_CLASS = YES_ERROR;
				CLANG_WARN_QUOTED_INCLUDE_IN_FRAMEWORK_HEADER = YES;
				CLANG_WARN_RANGE_LOOP_ANALYSIS = YES;
				CLANG_WARN_STRICT_PROTOTYPES = YES;
				CLANG_WARN_SUSPICIOUS_MOVE = YES;
				CLANG_WARN_UNGUARDED_AVAILABILITY = YES_AGGRESSIVE;
				CLANG_WARN_UNREACHABLE_CODE = YES;
				CLANG_WARN__DUPLICATE_METHOD_MATCH = YES;
				COPY_PHASE_STRIP = NO;
				DEBUG_INFORMATION_FORMAT = dwarf;
				ENABLE_STRICT_OBJC_MSGSEND = YES;
				ENABLE_TESTABILITY = YES;
				ENABLE_USER_SCRIPT_SANDBOXING = YES;
				GCC_C_LANGUAGE_STANDARD = gnu17;
				GCC_DYNAMIC_NO_PIC = NO;
				GCC_NO_COMMON_BLOCKS = YES;
				GCC_OPTIMIZATION_LEVEL = 0;
				GCC_PREPROCESSOR_DEFINITIONS = (
					"DEBUG=1",
					"$(inherited)",
				);
				GCC_WARN_64_TO_32_BIT_CONVERSION = YES;
				GCC_WARN_ABOUT_RETURN_TYPE = YES_ERROR;
				GCC_WARN_UNDECLARED_SELECTOR = YES;
				GCC_WARN_UNINITIALIZED_AUTOS = YES_AGGRESSIVE;
				GCC_WARN_UNUSED_FUNCTION = YES;
				GCC_WARN_UNUSED_VARIABLE = YES;
				IPHONEOS_DEPLOYMENT_TARGET = 17.4;
				LOCALIZATION_PREFERS_STRING_CATALOGS = YES;
				MTL_ENABLE_DEBUG_INFO = INCLUDE_SOURCE;
				MTL_FAST_MATH = YES;
				ONLY_ACTIVE_ARCH = YES;
				SDKROOT = iphoneos;
				SWIFT_ACTIVE_COMPILATION_CONDITIONS = "DEBUG $(inherited)";
				SWIFT_OPTIMIZATION_LEVEL = "-Onone";
			};
			name = Debug;
		};
		9CD04EF12BE4C9E7004983B8 /* Release */ = {
			isa = XCBuildConfiguration;
			buildSettings = {
				ALWAYS_SEARCH_USER_PATHS = NO;
				ASSETCATALOG_COMPILER_GENERATE_SWIFT_ASSET_SYMBOL_EXTENSIONS = YES;
				CLANG_ANALYZER_NONNULL = YES;
				CLANG_ANALYZER_NUMBER_OBJECT_CONVERSION = YES_AGGRESSIVE;
				CLANG_CXX_LANGUAGE_STANDARD = "gnu++20";
				CLANG_ENABLE_MODULES = YES;
				CLANG_ENABLE_OBJC_ARC = YES;
				CLANG_ENABLE_OBJC_WEAK = YES;
				CLANG_WARN_BLOCK_CAPTURE_AUTORELEASING = YES;
				CLANG_WARN_BOOL_CONVERSION = YES;
				CLANG_WARN_COMMA = YES;
				CLANG_WARN_CONSTANT_CONVERSION = YES;
				CLANG_WARN_DEPRECATED_OBJC_IMPLEMENTATIONS = YES;
				CLANG_WARN_DIRECT_OBJC_ISA_USAGE = YES_ERROR;
				CLANG_WARN_DOCUMENTATION_COMMENTS = YES;
				CLANG_WARN_EMPTY_BODY = YES;
				CLANG_WARN_ENUM_CONVERSION = YES;
				CLANG_WARN_INFINITE_RECURSION = YES;
				CLANG_WARN_INT_CONVERSION = YES;
				CLANG_WARN_NON_LITERAL_NULL_CONVERSION = YES;
				CLANG_WARN_OBJC_IMPLICIT_RETAIN_SELF = YES;
				CLANG_WARN_OBJC_LITERAL_CONVERSION = YES;
				CLANG_WARN_OBJC_ROOT_CLASS = YES_ERROR;
				CLANG_WARN_QUOTED_INCLUDE_IN_FRAMEWORK_HEADER = YES;
				CLANG_WARN_RANGE_LOOP_ANALYSIS = YES;
				CLANG_WARN_STRICT_PROTOTYPES = YES;
				CLANG_WARN_SUSPICIOUS_MOVE = YES;
				CLANG_WARN_UNGUARDED_AVAILABILITY = YES_AGGRESSIVE;
				CLANG_WARN_UNREACHABLE_CODE = YES;
				CLANG_WARN__DUPLICATE_METHOD_MATCH = YES;
				COPY_PHASE_STRIP = NO;
				DEBUG_INFORMATION_FORMAT = "dwarf-with-dsym";
				ENABLE_NS_ASSERTIONS = NO;
				ENABLE_STRICT_OBJC_MSGSEND = YES;
				ENABLE_USER_SCRIPT_SANDBOXING = YES;
				GCC_C_LANGUAGE_STANDARD = gnu17;
				GCC_NO_COMMON_BLOCKS = YES;
				GCC_WARN_64_TO_32_BIT_CONVERSION = YES;
				GCC_WARN_ABOUT_RETURN_TYPE = YES_ERROR;
				GCC_WARN_UNDECLARED_SELECTOR = YES;
				GCC_WARN_UNINITIALIZED_AUTOS = YES_AGGRESSIVE;
				GCC_WARN_UNUSED_FUNCTION = YES;
				GCC_WARN_UNUSED_VARIABLE = YES;
				IPHONEOS_DEPLOYMENT_TARGET = 17.4;
				LOCALIZATION_PREFERS_STRING_CATALOGS = YES;
				MTL_ENABLE_DEBUG_INFO = NO;
				MTL_FAST_MATH = YES;
				SDKROOT = iphoneos;
				SWIFT_COMPILATION_MODE = wholemodule;
				VALIDATE_PRODUCT = YES;
			};
			name = Release;
		};
		9CD04EF32BE4C9E7004983B8 /* Debug */ = {
			isa = XCBuildConfiguration;
			buildSettings = {
				ASSETCATALOG_COMPILER_APPICON_NAME = AppIcon;
				ASSETCATALOG_COMPILER_GLOBAL_ACCENT_COLOR_NAME = AccentColor;
				CODE_SIGN_STYLE = Automatic;
				CURRENT_PROJECT_VERSION = 1;
				GENERATE_INFOPLIST_FILE = YES;
				INFOPLIST_FILE = MyBook/Info.plist;
				INFOPLIST_KEY_UIApplicationSupportsIndirectInputEvents = YES;
				INFOPLIST_KEY_UILaunchStoryboardName = LaunchScreen;
				INFOPLIST_KEY_UIMainStoryboardFile = "";
				INFOPLIST_KEY_UISupportedInterfaceOrientations = UIInterfaceOrientationPortrait;
				INFOPLIST_KEY_UISupportedInterfaceOrientations_iPad = "UIInterfaceOrientationLandscapeLeft UIInterfaceOrientationLandscapeRight UIInterfaceOrientationPortrait UIInterfaceOrientationPortraitUpsideDown";
				IPHONEOS_DEPLOYMENT_TARGET = 17.0;
				LD_RUNPATH_SEARCH_PATHS = (
					"$(inherited)",
					"@executable_path/Frameworks",
				);
				MARKETING_VERSION = 1.0;
				PRODUCT_BUNDLE_IDENTIFIER = com.imhs.MyBook;
				PRODUCT_NAME = "$(TARGET_NAME)";
				SUPPORTED_PLATFORMS = "iphoneos iphonesimulator";
				SUPPORTS_MACCATALYST = NO;
				SUPPORTS_MAC_DESIGNED_FOR_IPHONE_IPAD = NO;
				SUPPORTS_XR_DESIGNED_FOR_IPHONE_IPAD = NO;
				SWIFT_EMIT_LOC_STRINGS = YES;
				SWIFT_VERSION = 5.0;
				TARGETED_DEVICE_FAMILY = 1;
			};
			name = Debug;
		};
		9CD04EF42BE4C9E7004983B8 /* Release */ = {
			isa = XCBuildConfiguration;
			buildSettings = {
				ASSETCATALOG_COMPILER_APPICON_NAME = AppIcon;
				ASSETCATALOG_COMPILER_GLOBAL_ACCENT_COLOR_NAME = AccentColor;
				CODE_SIGN_STYLE = Automatic;
				CURRENT_PROJECT_VERSION = 1;
				GENERATE_INFOPLIST_FILE = YES;
				INFOPLIST_FILE = MyBook/Info.plist;
				INFOPLIST_KEY_UIApplicationSupportsIndirectInputEvents = YES;
				INFOPLIST_KEY_UILaunchStoryboardName = LaunchScreen;
				INFOPLIST_KEY_UIMainStoryboardFile = "";
				INFOPLIST_KEY_UISupportedInterfaceOrientations = UIInterfaceOrientationPortrait;
				INFOPLIST_KEY_UISupportedInterfaceOrientations_iPad = "UIInterfaceOrientationLandscapeLeft UIInterfaceOrientationLandscapeRight UIInterfaceOrientationPortrait UIInterfaceOrientationPortraitUpsideDown";
				IPHONEOS_DEPLOYMENT_TARGET = 17.0;
				LD_RUNPATH_SEARCH_PATHS = (
					"$(inherited)",
					"@executable_path/Frameworks",
				);
				MARKETING_VERSION = 1.0;
				PRODUCT_BUNDLE_IDENTIFIER = com.imhs.MyBook;
				PRODUCT_NAME = "$(TARGET_NAME)";
				SUPPORTED_PLATFORMS = "iphoneos iphonesimulator";
				SUPPORTS_MACCATALYST = NO;
				SUPPORTS_MAC_DESIGNED_FOR_IPHONE_IPAD = NO;
				SUPPORTS_XR_DESIGNED_FOR_IPHONE_IPAD = NO;
				SWIFT_EMIT_LOC_STRINGS = YES;
				SWIFT_VERSION = 5.0;
				TARGETED_DEVICE_FAMILY = 1;
			};
			name = Release;
		};
/* End XCBuildConfiguration section */

/* Begin XCConfigurationList section */
		9CD04ED92BE4C9E6004983B8 /* Build configuration list for PBXProject "MyBook" */ = {
			isa = XCConfigurationList;
			buildConfigurations = (
				9CD04EF02BE4C9E7004983B8 /* Debug */,
				9CD04EF12BE4C9E7004983B8 /* Release */,
			);
			defaultConfigurationIsVisible = 0;
			defaultConfigurationName = Release;
		};
		9CD04EF22BE4C9E7004983B8 /* Build configuration list for PBXNativeTarget "MyBook" */ = {
			isa = XCConfigurationList;
			buildConfigurations = (
				9CD04EF32BE4C9E7004983B8 /* Debug */,
				9CD04EF42BE4C9E7004983B8 /* Release */,
			);
			defaultConfigurationIsVisible = 0;
			defaultConfigurationName = Release;
		};
/* End XCConfigurationList section */

/* Begin XCRemoteSwiftPackageReference section */
		9C07511B2BEBE3B400936E9B /* XCRemoteSwiftPackageReference "SnapKit" */ = {
			isa = XCRemoteSwiftPackageReference;
			repositoryURL = "https://github.com/SnapKit/SnapKit";
			requirement = {
				kind = upToNextMajorVersion;
				minimumVersion = 5.7.1;
			};
		};
		9C3213DF2BE7BB6400D6C8C0 /* XCRemoteSwiftPackageReference "Kingfisher" */ = {
			isa = XCRemoteSwiftPackageReference;
			repositoryURL = "https://github.com/onevcat/Kingfisher";
			requirement = {
				kind = upToNextMajorVersion;
				minimumVersion = 7.11.0;
			};
		};
		9C39B6D62BE94C53006D16B8 /* XCRemoteSwiftPackageReference "JJFloatingActionButton" */ = {
			isa = XCRemoteSwiftPackageReference;
			repositoryURL = "https://github.com/jjochen/JJFloatingActionButton";
			requirement = {
				kind = upToNextMajorVersion;
				minimumVersion = 3.0.1;
			};
		};
/* End XCRemoteSwiftPackageReference section */

/* Begin XCSwiftPackageProductDependency section */
		9C07511C2BEBE3B400936E9B /* SnapKit */ = {
			isa = XCSwiftPackageProductDependency;
			package = 9C07511B2BEBE3B400936E9B /* XCRemoteSwiftPackageReference "SnapKit" */;
			productName = SnapKit;
		};
		9C07511E2BEBE3B400936E9B /* SnapKit-Dynamic */ = {
			isa = XCSwiftPackageProductDependency;
			package = 9C07511B2BEBE3B400936E9B /* XCRemoteSwiftPackageReference "SnapKit" */;
			productName = "SnapKit-Dynamic";
		};
		9C3213E02BE7BB6400D6C8C0 /* Kingfisher */ = {
			isa = XCSwiftPackageProductDependency;
			package = 9C3213DF2BE7BB6400D6C8C0 /* XCRemoteSwiftPackageReference "Kingfisher" */;
			productName = Kingfisher;
		};
/* End XCSwiftPackageProductDependency section */

/* Begin XCVersionGroup section */
		9C0751152BEB3B9B00936E9B /* MyBook.xcdatamodeld */ = {
			isa = XCVersionGroup;
			children = (
				9C0751162BEB3B9B00936E9B /* MyBook.xcdatamodel */,
			);
			currentVersion = 9C0751162BEB3B9B00936E9B /* MyBook.xcdatamodel */;
			path = MyBook.xcdatamodeld;
			sourceTree = "<group>";
			versionGroupType = wrapper.xcdatamodel;
		};
/* End XCVersionGroup section */
	};
	rootObject = 9CD04ED62BE4C9E6004983B8 /* Project object */;
}
